// !$*UTF8*$!
{
	archiveVersion = 1;
	classes = {
	};
	objectVersion = 55;
	objects = {

/* Begin PBXBuildFile section */
		3E037D922881324500FB30D5 /* AuthenticationManager.swift in Sources */ = {isa = PBXBuildFile; fileRef = 3E037D912881324500FB30D5 /* AuthenticationManager.swift */; };
		3E0EBB7C2877F103008F681A /* WeeklySessionsCell.swift in Sources */ = {isa = PBXBuildFile; fileRef = 3E0EBB7B2877F103008F681A /* WeeklySessionsCell.swift */; };
		3E1856D4287FCA7F005ED50B /* SessionInfoCell.swift in Sources */ = {isa = PBXBuildFile; fileRef = 3E1856D3287FCA7F005ED50B /* SessionInfoCell.swift */; };
		3E1856D6287FD67B005ED50B /* WeeklySessionsLocalizables.swift in Sources */ = {isa = PBXBuildFile; fileRef = 3E1856D5287FD67B005ED50B /* WeeklySessionsLocalizables.swift */; };
		3E1856D8287FD86C005ED50B /* BikeSelectionLocalizables.swift in Sources */ = {isa = PBXBuildFile; fileRef = 3E1856D7287FD86C005ED50B /* BikeSelectionLocalizables.swift */; };
		3E1856DC287FDC8F005ED50B /* BikeSelectionView.swift in Sources */ = {isa = PBXBuildFile; fileRef = 3E1856DB287FDC8F005ED50B /* BikeSelectionView.swift */; };
		3E1856DE287FDE42005ED50B /* BikeSelectionViewModel.swift in Sources */ = {isa = PBXBuildFile; fileRef = 3E1856DD287FDE42005ED50B /* BikeSelectionViewModel.swift */; };
		3E1856E0287FEA56005ED50B /* HIdeViewsExtension.swift in Sources */ = {isa = PBXBuildFile; fileRef = 3E1856DF287FEA56005ED50B /* HIdeViewsExtension.swift */; };
		3E2410EC287A926C007A9ACD /* JENavigationBar.swift in Sources */ = {isa = PBXBuildFile; fileRef = 3E2410EB287A926C007A9ACD /* JENavigationBar.swift */; };
		3E2410EE287A97AC007A9ACD /* DataManager.swift in Sources */ = {isa = PBXBuildFile; fileRef = 3E2410ED287A97AC007A9ACD /* DataManager.swift */; };
		3E2410F0287B4CCC007A9ACD /* Session.swift in Sources */ = {isa = PBXBuildFile; fileRef = 3E2410EF287B4CCC007A9ACD /* Session.swift */; };
		3E2410F2287B6257007A9ACD /* WeeklySessionsViewModel.swift in Sources */ = {isa = PBXBuildFile; fileRef = 3E2410F1287B6257007A9ACD /* WeeklySessionsViewModel.swift */; };
		3E3FD64A2876729F0012DB58 /* FirebaseAuth in Frameworks */ = {isa = PBXBuildFile; productRef = 3E3FD6492876729F0012DB58 /* FirebaseAuth */; };
		3E3FD64C2876729F0012DB58 /* FirebaseAuthCombine-Community in Frameworks */ = {isa = PBXBuildFile; productRef = 3E3FD64B2876729F0012DB58 /* FirebaseAuthCombine-Community */; };
		3E3FD64E2876729F0012DB58 /* FirebaseDatabase in Frameworks */ = {isa = PBXBuildFile; productRef = 3E3FD64D2876729F0012DB58 /* FirebaseDatabase */; };
		3E3FD6502876729F0012DB58 /* FirebaseDatabaseSwift in Frameworks */ = {isa = PBXBuildFile; productRef = 3E3FD64F2876729F0012DB58 /* FirebaseDatabaseSwift */; };
		3E3FD6522876729F0012DB58 /* FirebaseFirestore in Frameworks */ = {isa = PBXBuildFile; productRef = 3E3FD6512876729F0012DB58 /* FirebaseFirestore */; };
		3E3FD6542876729F0012DB58 /* FirebaseFirestoreCombine-Community in Frameworks */ = {isa = PBXBuildFile; productRef = 3E3FD6532876729F0012DB58 /* FirebaseFirestoreCombine-Community */; };
		3E3FD6562876729F0012DB58 /* FirebaseFirestoreSwift in Frameworks */ = {isa = PBXBuildFile; productRef = 3E3FD6552876729F0012DB58 /* FirebaseFirestoreSwift */; };
		3E3FD6582876729F0012DB58 /* FirebaseStorage in Frameworks */ = {isa = PBXBuildFile; productRef = 3E3FD6572876729F0012DB58 /* FirebaseStorage */; };
		3E3FD65A2876729F0012DB58 /* FirebaseStorageCombine-Community in Frameworks */ = {isa = PBXBuildFile; productRef = 3E3FD6592876729F0012DB58 /* FirebaseStorageCombine-Community */; };
		3E3FD65F28767C480012DB58 /* LoginView.swift in Sources */ = {isa = PBXBuildFile; fileRef = 3E3FD65E28767C480012DB58 /* LoginView.swift */; };
		3E3FD66128767C930012DB58 /* AuthLocalizables.swift in Sources */ = {isa = PBXBuildFile; fileRef = 3E3FD66028767C930012DB58 /* AuthLocalizables.swift */; };
		3E3FD66328767E1C0012DB58 /* LoginViewModel.swift in Sources */ = {isa = PBXBuildFile; fileRef = 3E3FD66228767E1C0012DB58 /* LoginViewModel.swift */; };
		3EA2606328790FA100528C04 /* SignUpView.swift in Sources */ = {isa = PBXBuildFile; fileRef = 3EA2606228790FA100528C04 /* SignUpView.swift */; };
		3ECD72FE2864BD3F00BF9FE2 /* Montserrat-ExtraBold.ttf in Resources */ = {isa = PBXBuildFile; fileRef = 3ECD72EC2864BD3E00BF9FE2 /* Montserrat-ExtraBold.ttf */; };
		3ECD72FF2864BD3F00BF9FE2 /* Montserrat-ExtraLightItalic.ttf in Resources */ = {isa = PBXBuildFile; fileRef = 3ECD72ED2864BD3E00BF9FE2 /* Montserrat-ExtraLightItalic.ttf */; };
		3ECD73002864BD3F00BF9FE2 /* Montserrat-BlackItalic.ttf in Resources */ = {isa = PBXBuildFile; fileRef = 3ECD72EE2864BD3F00BF9FE2 /* Montserrat-BlackItalic.ttf */; };
		3ECD73012864BD3F00BF9FE2 /* Montserrat-ExtraBoldItalic.ttf in Resources */ = {isa = PBXBuildFile; fileRef = 3ECD72EF2864BD3F00BF9FE2 /* Montserrat-ExtraBoldItalic.ttf */; };
		3ECD73022864BD3F00BF9FE2 /* Montserrat-ExtraLight.ttf in Resources */ = {isa = PBXBuildFile; fileRef = 3ECD72F02864BD3F00BF9FE2 /* Montserrat-ExtraLight.ttf */; };
		3ECD73032864BD3F00BF9FE2 /* Montserrat-Italic.ttf in Resources */ = {isa = PBXBuildFile; fileRef = 3ECD72F12864BD3F00BF9FE2 /* Montserrat-Italic.ttf */; };
		3ECD73042864BD3F00BF9FE2 /* Montserrat-SemiBoldItalic.ttf in Resources */ = {isa = PBXBuildFile; fileRef = 3ECD72F22864BD3F00BF9FE2 /* Montserrat-SemiBoldItalic.ttf */; };
		3ECD73052864BD3F00BF9FE2 /* Montserrat-Bold.ttf in Resources */ = {isa = PBXBuildFile; fileRef = 3ECD72F32864BD3F00BF9FE2 /* Montserrat-Bold.ttf */; };
		3ECD73062864BD3F00BF9FE2 /* Montserrat-Regular.ttf in Resources */ = {isa = PBXBuildFile; fileRef = 3ECD72F42864BD3F00BF9FE2 /* Montserrat-Regular.ttf */; };
		3ECD73072864BD3F00BF9FE2 /* Montserrat-Thin.ttf in Resources */ = {isa = PBXBuildFile; fileRef = 3ECD72F52864BD3F00BF9FE2 /* Montserrat-Thin.ttf */; };
		3ECD73082864BD3F00BF9FE2 /* Montserrat-LightItalic.ttf in Resources */ = {isa = PBXBuildFile; fileRef = 3ECD72F62864BD3F00BF9FE2 /* Montserrat-LightItalic.ttf */; };
		3ECD73092864BD3F00BF9FE2 /* Montserrat-Light.ttf in Resources */ = {isa = PBXBuildFile; fileRef = 3ECD72F72864BD3F00BF9FE2 /* Montserrat-Light.ttf */; };
		3ECD730A2864BD3F00BF9FE2 /* Montserrat-ThinItalic.ttf in Resources */ = {isa = PBXBuildFile; fileRef = 3ECD72F82864BD3F00BF9FE2 /* Montserrat-ThinItalic.ttf */; };
		3ECD730B2864BD3F00BF9FE2 /* Montserrat-SemiBold.ttf in Resources */ = {isa = PBXBuildFile; fileRef = 3ECD72F92864BD3F00BF9FE2 /* Montserrat-SemiBold.ttf */; };
		3ECD730C2864BD3F00BF9FE2 /* Montserrat-BoldItalic.ttf in Resources */ = {isa = PBXBuildFile; fileRef = 3ECD72FA2864BD3F00BF9FE2 /* Montserrat-BoldItalic.ttf */; };
		3ECD730D2864BD3F00BF9FE2 /* Montserrat-MediumItalic.ttf in Resources */ = {isa = PBXBuildFile; fileRef = 3ECD72FB2864BD3F00BF9FE2 /* Montserrat-MediumItalic.ttf */; };
		3ECD730E2864BD3F00BF9FE2 /* Montserrat-Medium.ttf in Resources */ = {isa = PBXBuildFile; fileRef = 3ECD72FC2864BD3F00BF9FE2 /* Montserrat-Medium.ttf */; };
		3ECD730F2864BD3F00BF9FE2 /* Montserrat-Black.ttf in Resources */ = {isa = PBXBuildFile; fileRef = 3ECD72FD2864BD3F00BF9FE2 /* Montserrat-Black.ttf */; };
		3ECD73122864DF0600BF9FE2 /* UIColorExtension.swift in Sources */ = {isa = PBXBuildFile; fileRef = 3ECD73112864DF0600BF9FE2 /* UIColorExtension.swift */; };
		3ECD73142865109200BF9FE2 /* ViewRouter.swift in Sources */ = {isa = PBXBuildFile; fileRef = 3ECD73132865109200BF9FE2 /* ViewRouter.swift */; };
		3ECD7316286526D900BF9FE2 /* JEConstants.swift in Sources */ = {isa = PBXBuildFile; fileRef = 3ECD7315286526D900BF9FE2 /* JEConstants.swift */; };
		3ECD731B28652B1000BF9FE2 /* Localizable.strings in Resources */ = {isa = PBXBuildFile; fileRef = 3ECD731D28652B1000BF9FE2 /* Localizable.strings */; };
		3ECD732028652C6700BF9FE2 /* String+Localizable.swift in Sources */ = {isa = PBXBuildFile; fileRef = 3ECD731F28652C6700BF9FE2 /* String+Localizable.swift */; };
		3ECD732228652DFF00BF9FE2 /* TabBarLocalizables.swift in Sources */ = {isa = PBXBuildFile; fileRef = 3ECD732128652DFF00BF9FE2 /* TabBarLocalizables.swift */; };
		3EDDAB6A28766633003F175B /* BookLocalizables.swift in Sources */ = {isa = PBXBuildFile; fileRef = 3EDDAB6928766633003F175B /* BookLocalizables.swift */; };
		3EDDAB6E287669F4003F175B /* GoogleService-Info.plist in Resources */ = {isa = PBXBuildFile; fileRef = 3EDDAB6D287669F4003F175B /* GoogleService-Info.plist */; };
		3EE27CF4284167B700BFC691 /* JE_StudioApp.swift in Sources */ = {isa = PBXBuildFile; fileRef = 3EE27CF3284167B700BFC691 /* JE_StudioApp.swift */; };
		3EE27CF6284167B700BFC691 /* ContentView.swift in Sources */ = {isa = PBXBuildFile; fileRef = 3EE27CF5284167B700BFC691 /* ContentView.swift */; };
		3EE27CF8284167B700BFC691 /* Assets.xcassets in Resources */ = {isa = PBXBuildFile; fileRef = 3EE27CF7284167B700BFC691 /* Assets.xcassets */; };
		3EE27CFB284167B700BFC691 /* Preview Assets.xcassets in Resources */ = {isa = PBXBuildFile; fileRef = 3EE27CFA284167B700BFC691 /* Preview Assets.xcassets */; };
		3EEBB7CB287CF2E5005C1A9B /* BikeGridView.swift in Sources */ = {isa = PBXBuildFile; fileRef = 3EEBB7CA287CF2E5005C1A9B /* BikeGridView.swift */; };
		3EEBB7CD287D3093005C1A9B /* BikeGridViewModel.swift in Sources */ = {isa = PBXBuildFile; fileRef = 3EEBB7CC287D3093005C1A9B /* BikeGridViewModel.swift */; };
		3EEBB7CF287D3913005C1A9B /* Bike.swift in Sources */ = {isa = PBXBuildFile; fileRef = 3EEBB7CE287D3913005C1A9B /* Bike.swift */; };
		3EFBE1042874FF50004538D6 /* StudioCellView.swift in Sources */ = {isa = PBXBuildFile; fileRef = 3EFBE1032874FF50004538D6 /* StudioCellView.swift */; };
		3EFBE106287503E1004538D6 /* FontExtension.swift in Sources */ = {isa = PBXBuildFile; fileRef = 3EFBE105287503E1004538D6 /* FontExtension.swift */; };
		3EFBE10828750983004538D6 /* BookView.swift in Sources */ = {isa = PBXBuildFile; fileRef = 3EFBE10728750983004538D6 /* BookView.swift */; };
		3EFBE10B28750C1A004538D6 /* Studio.swift in Sources */ = {isa = PBXBuildFile; fileRef = 3EFBE10A28750C1A004538D6 /* Studio.swift */; };
		3EFBE10D28750CD7004538D6 /* BookViewModel.swift in Sources */ = {isa = PBXBuildFile; fileRef = 3EFBE10C28750CD7004538D6 /* BookViewModel.swift */; };
		3EFBE10F2875453A004538D6 /* WeeklySessionsView.swift in Sources */ = {isa = PBXBuildFile; fileRef = 3EFBE10E2875453A004538D6 /* WeeklySessionsView.swift */; };
/* End PBXBuildFile section */

/* Begin PBXFileReference section */
		3E037D912881324500FB30D5 /* AuthenticationManager.swift */ = {isa = PBXFileReference; lastKnownFileType = sourcecode.swift; path = AuthenticationManager.swift; sourceTree = "<group>"; };
		3E0EBB7B2877F103008F681A /* WeeklySessionsCell.swift */ = {isa = PBXFileReference; lastKnownFileType = sourcecode.swift; path = WeeklySessionsCell.swift; sourceTree = "<group>"; };
		3E1856D3287FCA7F005ED50B /* SessionInfoCell.swift */ = {isa = PBXFileReference; lastKnownFileType = sourcecode.swift; path = SessionInfoCell.swift; sourceTree = "<group>"; };
		3E1856D5287FD67B005ED50B /* WeeklySessionsLocalizables.swift */ = {isa = PBXFileReference; lastKnownFileType = sourcecode.swift; path = WeeklySessionsLocalizables.swift; sourceTree = "<group>"; };
		3E1856D7287FD86C005ED50B /* BikeSelectionLocalizables.swift */ = {isa = PBXFileReference; lastKnownFileType = sourcecode.swift; path = BikeSelectionLocalizables.swift; sourceTree = "<group>"; };
		3E1856DB287FDC8F005ED50B /* BikeSelectionView.swift */ = {isa = PBXFileReference; lastKnownFileType = sourcecode.swift; path = BikeSelectionView.swift; sourceTree = "<group>"; };
		3E1856DD287FDE42005ED50B /* BikeSelectionViewModel.swift */ = {isa = PBXFileReference; lastKnownFileType = sourcecode.swift; path = BikeSelectionViewModel.swift; sourceTree = "<group>"; };
		3E1856DF287FEA56005ED50B /* HIdeViewsExtension.swift */ = {isa = PBXFileReference; lastKnownFileType = sourcecode.swift; path = HIdeViewsExtension.swift; sourceTree = "<group>"; };
		3E2410EB287A926C007A9ACD /* JENavigationBar.swift */ = {isa = PBXFileReference; lastKnownFileType = sourcecode.swift; path = JENavigationBar.swift; sourceTree = "<group>"; };
		3E2410ED287A97AC007A9ACD /* DataManager.swift */ = {isa = PBXFileReference; lastKnownFileType = sourcecode.swift; path = DataManager.swift; sourceTree = "<group>"; };
		3E2410EF287B4CCC007A9ACD /* Session.swift */ = {isa = PBXFileReference; lastKnownFileType = sourcecode.swift; path = Session.swift; sourceTree = "<group>"; };
		3E2410F1287B6257007A9ACD /* WeeklySessionsViewModel.swift */ = {isa = PBXFileReference; lastKnownFileType = sourcecode.swift; path = WeeklySessionsViewModel.swift; sourceTree = "<group>"; };
		3E3FD65E28767C480012DB58 /* LoginView.swift */ = {isa = PBXFileReference; lastKnownFileType = sourcecode.swift; path = LoginView.swift; sourceTree = "<group>"; };
		3E3FD66028767C930012DB58 /* AuthLocalizables.swift */ = {isa = PBXFileReference; lastKnownFileType = sourcecode.swift; path = AuthLocalizables.swift; sourceTree = "<group>"; };
		3E3FD66228767E1C0012DB58 /* LoginViewModel.swift */ = {isa = PBXFileReference; lastKnownFileType = sourcecode.swift; path = LoginViewModel.swift; sourceTree = "<group>"; };
		3EA2606228790FA100528C04 /* SignUpView.swift */ = {isa = PBXFileReference; lastKnownFileType = sourcecode.swift; path = SignUpView.swift; sourceTree = "<group>"; };
		3ECD72EC2864BD3E00BF9FE2 /* Montserrat-ExtraBold.ttf */ = {isa = PBXFileReference; lastKnownFileType = file; path = "Montserrat-ExtraBold.ttf"; sourceTree = "<group>"; };
		3ECD72ED2864BD3E00BF9FE2 /* Montserrat-ExtraLightItalic.ttf */ = {isa = PBXFileReference; lastKnownFileType = file; path = "Montserrat-ExtraLightItalic.ttf"; sourceTree = "<group>"; };
		3ECD72EE2864BD3F00BF9FE2 /* Montserrat-BlackItalic.ttf */ = {isa = PBXFileReference; lastKnownFileType = file; path = "Montserrat-BlackItalic.ttf"; sourceTree = "<group>"; };
		3ECD72EF2864BD3F00BF9FE2 /* Montserrat-ExtraBoldItalic.ttf */ = {isa = PBXFileReference; lastKnownFileType = file; path = "Montserrat-ExtraBoldItalic.ttf"; sourceTree = "<group>"; };
		3ECD72F02864BD3F00BF9FE2 /* Montserrat-ExtraLight.ttf */ = {isa = PBXFileReference; lastKnownFileType = file; path = "Montserrat-ExtraLight.ttf"; sourceTree = "<group>"; };
		3ECD72F12864BD3F00BF9FE2 /* Montserrat-Italic.ttf */ = {isa = PBXFileReference; lastKnownFileType = file; path = "Montserrat-Italic.ttf"; sourceTree = "<group>"; };
		3ECD72F22864BD3F00BF9FE2 /* Montserrat-SemiBoldItalic.ttf */ = {isa = PBXFileReference; lastKnownFileType = file; path = "Montserrat-SemiBoldItalic.ttf"; sourceTree = "<group>"; };
		3ECD72F32864BD3F00BF9FE2 /* Montserrat-Bold.ttf */ = {isa = PBXFileReference; lastKnownFileType = file; path = "Montserrat-Bold.ttf"; sourceTree = "<group>"; };
		3ECD72F42864BD3F00BF9FE2 /* Montserrat-Regular.ttf */ = {isa = PBXFileReference; lastKnownFileType = file; path = "Montserrat-Regular.ttf"; sourceTree = "<group>"; };
		3ECD72F52864BD3F00BF9FE2 /* Montserrat-Thin.ttf */ = {isa = PBXFileReference; lastKnownFileType = file; path = "Montserrat-Thin.ttf"; sourceTree = "<group>"; };
		3ECD72F62864BD3F00BF9FE2 /* Montserrat-LightItalic.ttf */ = {isa = PBXFileReference; lastKnownFileType = file; path = "Montserrat-LightItalic.ttf"; sourceTree = "<group>"; };
		3ECD72F72864BD3F00BF9FE2 /* Montserrat-Light.ttf */ = {isa = PBXFileReference; lastKnownFileType = file; path = "Montserrat-Light.ttf"; sourceTree = "<group>"; };
		3ECD72F82864BD3F00BF9FE2 /* Montserrat-ThinItalic.ttf */ = {isa = PBXFileReference; lastKnownFileType = file; path = "Montserrat-ThinItalic.ttf"; sourceTree = "<group>"; };
		3ECD72F92864BD3F00BF9FE2 /* Montserrat-SemiBold.ttf */ = {isa = PBXFileReference; lastKnownFileType = file; path = "Montserrat-SemiBold.ttf"; sourceTree = "<group>"; };
		3ECD72FA2864BD3F00BF9FE2 /* Montserrat-BoldItalic.ttf */ = {isa = PBXFileReference; lastKnownFileType = file; path = "Montserrat-BoldItalic.ttf"; sourceTree = "<group>"; };
		3ECD72FB2864BD3F00BF9FE2 /* Montserrat-MediumItalic.ttf */ = {isa = PBXFileReference; lastKnownFileType = file; path = "Montserrat-MediumItalic.ttf"; sourceTree = "<group>"; };
		3ECD72FC2864BD3F00BF9FE2 /* Montserrat-Medium.ttf */ = {isa = PBXFileReference; lastKnownFileType = file; path = "Montserrat-Medium.ttf"; sourceTree = "<group>"; };
		3ECD72FD2864BD3F00BF9FE2 /* Montserrat-Black.ttf */ = {isa = PBXFileReference; lastKnownFileType = file; path = "Montserrat-Black.ttf"; sourceTree = "<group>"; };
		3ECD73102864C17200BF9FE2 /* JE-Studio-Info.plist */ = {isa = PBXFileReference; lastKnownFileType = text.plist; path = "JE-Studio-Info.plist"; sourceTree = SOURCE_ROOT; };
		3ECD73112864DF0600BF9FE2 /* UIColorExtension.swift */ = {isa = PBXFileReference; lastKnownFileType = sourcecode.swift; path = UIColorExtension.swift; sourceTree = "<group>"; };
		3ECD73132865109200BF9FE2 /* ViewRouter.swift */ = {isa = PBXFileReference; lastKnownFileType = sourcecode.swift; path = ViewRouter.swift; sourceTree = "<group>"; };
		3ECD7315286526D900BF9FE2 /* JEConstants.swift */ = {isa = PBXFileReference; lastKnownFileType = sourcecode.swift; path = JEConstants.swift; sourceTree = "<group>"; };
		3ECD731C28652B1000BF9FE2 /* en */ = {isa = PBXFileReference; lastKnownFileType = text.plist.strings; name = en; path = en.lproj/Localizable.strings; sourceTree = "<group>"; };
		3ECD731E28652B2B00BF9FE2 /* es-419 */ = {isa = PBXFileReference; lastKnownFileType = text.plist.strings; name = "es-419"; path = "es-419.lproj/Localizable.strings"; sourceTree = "<group>"; };
		3ECD731F28652C6700BF9FE2 /* String+Localizable.swift */ = {isa = PBXFileReference; lastKnownFileType = sourcecode.swift; path = "String+Localizable.swift"; sourceTree = "<group>"; };
		3ECD732128652DFF00BF9FE2 /* TabBarLocalizables.swift */ = {isa = PBXFileReference; lastKnownFileType = sourcecode.swift; path = TabBarLocalizables.swift; sourceTree = "<group>"; };
		3EDDAB6928766633003F175B /* BookLocalizables.swift */ = {isa = PBXFileReference; lastKnownFileType = sourcecode.swift; path = BookLocalizables.swift; sourceTree = "<group>"; };
		3EDDAB6D287669F4003F175B /* GoogleService-Info.plist */ = {isa = PBXFileReference; fileEncoding = 4; lastKnownFileType = text.plist.xml; path = "GoogleService-Info.plist"; sourceTree = "<group>"; };
		3EE27CF0284167B700BFC691 /* JE Studio.app */ = {isa = PBXFileReference; explicitFileType = wrapper.application; includeInIndex = 0; path = "JE Studio.app"; sourceTree = BUILT_PRODUCTS_DIR; };
		3EE27CF3284167B700BFC691 /* JE_StudioApp.swift */ = {isa = PBXFileReference; lastKnownFileType = sourcecode.swift; path = JE_StudioApp.swift; sourceTree = "<group>"; };
		3EE27CF5284167B700BFC691 /* ContentView.swift */ = {isa = PBXFileReference; lastKnownFileType = sourcecode.swift; path = ContentView.swift; sourceTree = "<group>"; };
		3EE27CF7284167B700BFC691 /* Assets.xcassets */ = {isa = PBXFileReference; lastKnownFileType = folder.assetcatalog; path = Assets.xcassets; sourceTree = "<group>"; };
		3EE27CFA284167B700BFC691 /* Preview Assets.xcassets */ = {isa = PBXFileReference; lastKnownFileType = folder.assetcatalog; path = "Preview Assets.xcassets"; sourceTree = "<group>"; };
		3EEBB7CA287CF2E5005C1A9B /* BikeGridView.swift */ = {isa = PBXFileReference; lastKnownFileType = sourcecode.swift; path = BikeGridView.swift; sourceTree = "<group>"; };
		3EEBB7CC287D3093005C1A9B /* BikeGridViewModel.swift */ = {isa = PBXFileReference; lastKnownFileType = sourcecode.swift; path = BikeGridViewModel.swift; sourceTree = "<group>"; };
		3EEBB7CE287D3913005C1A9B /* Bike.swift */ = {isa = PBXFileReference; lastKnownFileType = sourcecode.swift; path = Bike.swift; sourceTree = "<group>"; };
		3EFBE1032874FF50004538D6 /* StudioCellView.swift */ = {isa = PBXFileReference; lastKnownFileType = sourcecode.swift; path = StudioCellView.swift; sourceTree = "<group>"; };
		3EFBE105287503E1004538D6 /* FontExtension.swift */ = {isa = PBXFileReference; lastKnownFileType = sourcecode.swift; path = FontExtension.swift; sourceTree = "<group>"; };
		3EFBE10728750983004538D6 /* BookView.swift */ = {isa = PBXFileReference; lastKnownFileType = sourcecode.swift; path = BookView.swift; sourceTree = "<group>"; };
		3EFBE10A28750C1A004538D6 /* Studio.swift */ = {isa = PBXFileReference; lastKnownFileType = sourcecode.swift; path = Studio.swift; sourceTree = "<group>"; };
		3EFBE10C28750CD7004538D6 /* BookViewModel.swift */ = {isa = PBXFileReference; lastKnownFileType = sourcecode.swift; path = BookViewModel.swift; sourceTree = "<group>"; };
		3EFBE10E2875453A004538D6 /* WeeklySessionsView.swift */ = {isa = PBXFileReference; lastKnownFileType = sourcecode.swift; path = WeeklySessionsView.swift; sourceTree = "<group>"; };
/* End PBXFileReference section */

/* Begin PBXFrameworksBuildPhase section */
		3EE27CED284167B700BFC691 /* Frameworks */ = {
			isa = PBXFrameworksBuildPhase;
			buildActionMask = 2147483647;
			files = (
				3E3FD6502876729F0012DB58 /* FirebaseDatabaseSwift in Frameworks */,
				3E3FD64E2876729F0012DB58 /* FirebaseDatabase in Frameworks */,
				3E3FD64A2876729F0012DB58 /* FirebaseAuth in Frameworks */,
				3E3FD6562876729F0012DB58 /* FirebaseFirestoreSwift in Frameworks */,
				3E3FD6542876729F0012DB58 /* FirebaseFirestoreCombine-Community in Frameworks */,
				3E3FD6582876729F0012DB58 /* FirebaseStorage in Frameworks */,
				3E3FD6522876729F0012DB58 /* FirebaseFirestore in Frameworks */,
				3E3FD65A2876729F0012DB58 /* FirebaseStorageCombine-Community in Frameworks */,
				3E3FD64C2876729F0012DB58 /* FirebaseAuthCombine-Community in Frameworks */,
			);
			runOnlyForDeploymentPostprocessing = 0;
		};
/* End PBXFrameworksBuildPhase section */

/* Begin PBXGroup section */
		3E0EBB7A2877EF31008F681A /* Weekly Sessions Module */ = {
			isa = PBXGroup;
			children = (
				3EFBE10E2875453A004538D6 /* WeeklySessionsView.swift */,
				3E0EBB7B2877F103008F681A /* WeeklySessionsCell.swift */,
				3E2410F1287B6257007A9ACD /* WeeklySessionsViewModel.swift */,
				3E1856D5287FD67B005ED50B /* WeeklySessionsLocalizables.swift */,
			);
			path = "Weekly Sessions Module";
			sourceTree = "<group>";
		};
		3E1856D2287FCA3E005ED50B /* Bike Selection */ = {
			isa = PBXGroup;
			children = (
				3E1856D3287FCA7F005ED50B /* SessionInfoCell.swift */,
				3E1856D7287FD86C005ED50B /* BikeSelectionLocalizables.swift */,
				3E1856DB287FDC8F005ED50B /* BikeSelectionView.swift */,
				3E1856DD287FDE42005ED50B /* BikeSelectionViewModel.swift */,
			);
			path = "Bike Selection";
			sourceTree = "<group>";
		};
		3E3FD65B28767C1D0012DB58 /* Auth Module */ = {
			isa = PBXGroup;
			children = (
				3E3FD65E28767C480012DB58 /* LoginView.swift */,
				3E3FD66028767C930012DB58 /* AuthLocalizables.swift */,
				3E3FD66228767E1C0012DB58 /* LoginViewModel.swift */,
				3EA2606228790FA100528C04 /* SignUpView.swift */,
			);
			path = "Auth Module";
			sourceTree = "<group>";
		};
		3ECD72EB2864BD1C00BF9FE2 /* Fonts */ = {
			isa = PBXGroup;
			children = (
				3ECD72FD2864BD3F00BF9FE2 /* Montserrat-Black.ttf */,
				3ECD72EE2864BD3F00BF9FE2 /* Montserrat-BlackItalic.ttf */,
				3ECD72F32864BD3F00BF9FE2 /* Montserrat-Bold.ttf */,
				3ECD72FA2864BD3F00BF9FE2 /* Montserrat-BoldItalic.ttf */,
				3ECD72EC2864BD3E00BF9FE2 /* Montserrat-ExtraBold.ttf */,
				3ECD72EF2864BD3F00BF9FE2 /* Montserrat-ExtraBoldItalic.ttf */,
				3ECD72F02864BD3F00BF9FE2 /* Montserrat-ExtraLight.ttf */,
				3ECD72ED2864BD3E00BF9FE2 /* Montserrat-ExtraLightItalic.ttf */,
				3ECD72F12864BD3F00BF9FE2 /* Montserrat-Italic.ttf */,
				3ECD72F72864BD3F00BF9FE2 /* Montserrat-Light.ttf */,
				3ECD72F62864BD3F00BF9FE2 /* Montserrat-LightItalic.ttf */,
				3ECD72FC2864BD3F00BF9FE2 /* Montserrat-Medium.ttf */,
				3ECD72FB2864BD3F00BF9FE2 /* Montserrat-MediumItalic.ttf */,
				3ECD72F42864BD3F00BF9FE2 /* Montserrat-Regular.ttf */,
				3ECD72F92864BD3F00BF9FE2 /* Montserrat-SemiBold.ttf */,
				3ECD72F22864BD3F00BF9FE2 /* Montserrat-SemiBoldItalic.ttf */,
				3ECD72F52864BD3F00BF9FE2 /* Montserrat-Thin.ttf */,
				3ECD72F82864BD3F00BF9FE2 /* Montserrat-ThinItalic.ttf */,
			);
			path = Fonts;
			sourceTree = "<group>";
		};
		3ECD73172865274B00BF9FE2 /* TabBarView */ = {
			isa = PBXGroup;
			children = (
				3ECD732128652DFF00BF9FE2 /* TabBarLocalizables.swift */,
				3EE27CF5284167B700BFC691 /* ContentView.swift */,
				3ECD73132865109200BF9FE2 /* ViewRouter.swift */,
			);
			path = TabBarView;
			sourceTree = "<group>";
		};
		3ECD73182865276700BF9FE2 /* Extensions */ = {
			isa = PBXGroup;
			children = (
				3ECD73112864DF0600BF9FE2 /* UIColorExtension.swift */,
				3ECD731F28652C6700BF9FE2 /* String+Localizable.swift */,
				3EFBE105287503E1004538D6 /* FontExtension.swift */,
				3E2410EB287A926C007A9ACD /* JENavigationBar.swift */,
				3E1856DF287FEA56005ED50B /* HIdeViewsExtension.swift */,
			);
			path = Extensions;
			sourceTree = "<group>";
		};
		3EDDAB6C287668BB003F175B /* Data Manager */ = {
			isa = PBXGroup;
			children = (
				3E2410ED287A97AC007A9ACD /* DataManager.swift */,
			);
			path = "Data Manager";
			sourceTree = "<group>";
		};
		3EE27CE7284167B700BFC691 = {
			isa = PBXGroup;
			children = (
				3EE27CF2284167B700BFC691 /* JE Studio */,
				3ECD73102864C17200BF9FE2 /* JE-Studio-Info.plist */,
				3EDDAB6D287669F4003F175B /* GoogleService-Info.plist */,
				3EE27CF3284167B700BFC691 /* JE_StudioApp.swift */,
				3ECD7315286526D900BF9FE2 /* JEConstants.swift */,
				3EE27CF7284167B700BFC691 /* Assets.xcassets */,
				3EE27CF1284167B700BFC691 /* Products */,
			);
			sourceTree = "<group>";
		};
		3EE27CF1284167B700BFC691 /* Products */ = {
			isa = PBXGroup;
			children = (
				3EE27CF0284167B700BFC691 /* JE Studio.app */,
			);
			name = Products;
			sourceTree = "<group>";
		};
		3EE27CF2284167B700BFC691 /* JE Studio */ = {
			isa = PBXGroup;
			children = (
				3E1856D2287FCA3E005ED50B /* Bike Selection */,
				3EEBB7C9287CF2CE005C1A9B /* UI Components */,
				3E0EBB7A2877EF31008F681A /* Weekly Sessions Module */,
				3E3FD65B28767C1D0012DB58 /* Auth Module */,
				3EDDAB6C287668BB003F175B /* Data Manager */,
				3EFBE1022874FF30004538D6 /* Book Module */,
				3EFBE10928750C08004538D6 /* Models */,
				3ECD73172865274B00BF9FE2 /* TabBarView */,
				3ECD73182865276700BF9FE2 /* Extensions */,
				3ECD72EB2864BD1C00BF9FE2 /* Fonts */,
				3EE27CF9284167B700BFC691 /* Preview Content */,
				3ECD731D28652B1000BF9FE2 /* Localizable.strings */,
				3E037D912881324500FB30D5 /* AuthenticationManager.swift */,
			);
			path = "JE Studio";
			sourceTree = "<group>";
		};
		3EE27CF9284167B700BFC691 /* Preview Content */ = {
			isa = PBXGroup;
			children = (
				3EE27CFA284167B700BFC691 /* Preview Assets.xcassets */,
			);
			path = "Preview Content";
			sourceTree = "<group>";
		};
		3EEBB7C9287CF2CE005C1A9B /* UI Components */ = {
			isa = PBXGroup;
			children = (
				3EEBB7CA287CF2E5005C1A9B /* BikeGridView.swift */,
				3EEBB7CC287D3093005C1A9B /* BikeGridViewModel.swift */,
			);
			path = "UI Components";
			sourceTree = "<group>";
		};
		3EFBE1022874FF30004538D6 /* Book Module */ = {
			isa = PBXGroup;
			children = (
				3EFBE1032874FF50004538D6 /* StudioCellView.swift */,
				3EFBE10728750983004538D6 /* BookView.swift */,
				3EFBE10C28750CD7004538D6 /* BookViewModel.swift */,
				3EDDAB6928766633003F175B /* BookLocalizables.swift */,
			);
			path = "Book Module";
			sourceTree = "<group>";
		};
		3EFBE10928750C08004538D6 /* Models */ = {
			isa = PBXGroup;
			children = (
				3EFBE10A28750C1A004538D6 /* Studio.swift */,
				3E2410EF287B4CCC007A9ACD /* Session.swift */,
				3EEBB7CE287D3913005C1A9B /* Bike.swift */,
			);
			path = Models;
			sourceTree = "<group>";
		};
/* End PBXGroup section */

/* Begin PBXNativeTarget section */
		3EE27CEF284167B700BFC691 /* JE Studio */ = {
			isa = PBXNativeTarget;
			buildConfigurationList = 3EE27CFE284167B700BFC691 /* Build configuration list for PBXNativeTarget "JE Studio" */;
			buildPhases = (
				3EE27CEC284167B700BFC691 /* Sources */,
				3EE27CED284167B700BFC691 /* Frameworks */,
				3EE27CEE284167B700BFC691 /* Resources */,
			);
			buildRules = (
			);
			dependencies = (
			);
			name = "JE Studio";
			packageProductDependencies = (
				3E3FD6492876729F0012DB58 /* FirebaseAuth */,
				3E3FD64B2876729F0012DB58 /* FirebaseAuthCombine-Community */,
				3E3FD64D2876729F0012DB58 /* FirebaseDatabase */,
				3E3FD64F2876729F0012DB58 /* FirebaseDatabaseSwift */,
				3E3FD6512876729F0012DB58 /* FirebaseFirestore */,
				3E3FD6532876729F0012DB58 /* FirebaseFirestoreCombine-Community */,
				3E3FD6552876729F0012DB58 /* FirebaseFirestoreSwift */,
				3E3FD6572876729F0012DB58 /* FirebaseStorage */,
				3E3FD6592876729F0012DB58 /* FirebaseStorageCombine-Community */,
			);
			productName = "JE Studio";
			productReference = 3EE27CF0284167B700BFC691 /* JE Studio.app */;
			productType = "com.apple.product-type.application";
		};
/* End PBXNativeTarget section */

/* Begin PBXProject section */
		3EE27CE8284167B700BFC691 /* Project object */ = {
			isa = PBXProject;
			attributes = {
				BuildIndependentTargetsInParallel = 1;
				LastSwiftUpdateCheck = 1340;
				LastUpgradeCheck = 1340;
				TargetAttributes = {
					3EE27CEF284167B700BFC691 = {
						CreatedOnToolsVersion = 13.4;
					};
				};
			};
			buildConfigurationList = 3EE27CEB284167B700BFC691 /* Build configuration list for PBXProject "JE Studio" */;
			compatibilityVersion = "Xcode 13.0";
			developmentRegion = en;
			hasScannedForEncodings = 0;
			knownRegions = (
				en,
				Base,
				"es-419",
			);
			mainGroup = 3EE27CE7284167B700BFC691;
			packageReferences = (
				3E3FD6482876729F0012DB58 /* XCRemoteSwiftPackageReference "firebase-ios-sdk" */,
			);
			productRefGroup = 3EE27CF1284167B700BFC691 /* Products */;
			projectDirPath = "";
			projectRoot = "";
			targets = (
				3EE27CEF284167B700BFC691 /* JE Studio */,
			);
		};
/* End PBXProject section */

/* Begin PBXResourcesBuildPhase section */
		3EE27CEE284167B700BFC691 /* Resources */ = {
			isa = PBXResourcesBuildPhase;
			buildActionMask = 2147483647;
			files = (
				3ECD731B28652B1000BF9FE2 /* Localizable.strings in Resources */,
				3ECD73092864BD3F00BF9FE2 /* Montserrat-Light.ttf in Resources */,
				3ECD730F2864BD3F00BF9FE2 /* Montserrat-Black.ttf in Resources */,
				3ECD73052864BD3F00BF9FE2 /* Montserrat-Bold.ttf in Resources */,
				3ECD73062864BD3F00BF9FE2 /* Montserrat-Regular.ttf in Resources */,
				3ECD730C2864BD3F00BF9FE2 /* Montserrat-BoldItalic.ttf in Resources */,
				3ECD730D2864BD3F00BF9FE2 /* Montserrat-MediumItalic.ttf in Resources */,
				3ECD73082864BD3F00BF9FE2 /* Montserrat-LightItalic.ttf in Resources */,
				3ECD73042864BD3F00BF9FE2 /* Montserrat-SemiBoldItalic.ttf in Resources */,
				3EE27CFB284167B700BFC691 /* Preview Assets.xcassets in Resources */,
				3ECD72FF2864BD3F00BF9FE2 /* Montserrat-ExtraLightItalic.ttf in Resources */,
				3ECD730E2864BD3F00BF9FE2 /* Montserrat-Medium.ttf in Resources */,
				3ECD72FE2864BD3F00BF9FE2 /* Montserrat-ExtraBold.ttf in Resources */,
				3ECD73032864BD3F00BF9FE2 /* Montserrat-Italic.ttf in Resources */,
				3ECD73022864BD3F00BF9FE2 /* Montserrat-ExtraLight.ttf in Resources */,
				3ECD73012864BD3F00BF9FE2 /* Montserrat-ExtraBoldItalic.ttf in Resources */,
				3ECD73002864BD3F00BF9FE2 /* Montserrat-BlackItalic.ttf in Resources */,
				3ECD73072864BD3F00BF9FE2 /* Montserrat-Thin.ttf in Resources */,
				3EE27CF8284167B700BFC691 /* Assets.xcassets in Resources */,
				3EDDAB6E287669F4003F175B /* GoogleService-Info.plist in Resources */,
				3ECD730B2864BD3F00BF9FE2 /* Montserrat-SemiBold.ttf in Resources */,
				3ECD730A2864BD3F00BF9FE2 /* Montserrat-ThinItalic.ttf in Resources */,
			);
			runOnlyForDeploymentPostprocessing = 0;
		};
/* End PBXResourcesBuildPhase section */

/* Begin PBXSourcesBuildPhase section */
		3EE27CEC284167B700BFC691 /* Sources */ = {
			isa = PBXSourcesBuildPhase;
			buildActionMask = 2147483647;
			files = (
				3E1856DC287FDC8F005ED50B /* BikeSelectionView.swift in Sources */,
				3ECD732028652C6700BF9FE2 /* String+Localizable.swift in Sources */,
				3EEBB7CB287CF2E5005C1A9B /* BikeGridView.swift in Sources */,
				3EFBE10F2875453A004538D6 /* WeeklySessionsView.swift in Sources */,
				3EE27CF6284167B700BFC691 /* ContentView.swift in Sources */,
				3E3FD65F28767C480012DB58 /* LoginView.swift in Sources */,
				3EFBE1042874FF50004538D6 /* StudioCellView.swift in Sources */,
				3EA2606328790FA100528C04 /* SignUpView.swift in Sources */,
				3ECD7316286526D900BF9FE2 /* JEConstants.swift in Sources */,
				3ECD732228652DFF00BF9FE2 /* TabBarLocalizables.swift in Sources */,
				3E0EBB7C2877F103008F681A /* WeeklySessionsCell.swift in Sources */,
				3EFBE10D28750CD7004538D6 /* BookViewModel.swift in Sources */,
				3E2410EE287A97AC007A9ACD /* DataManager.swift in Sources */,
				3E1856D4287FCA7F005ED50B /* SessionInfoCell.swift in Sources */,
				3EEBB7CF287D3913005C1A9B /* Bike.swift in Sources */,
				3E1856DE287FDE42005ED50B /* BikeSelectionViewModel.swift in Sources */,
				3E3FD66128767C930012DB58 /* AuthLocalizables.swift in Sources */,
				3EE27CF4284167B700BFC691 /* JE_StudioApp.swift in Sources */,
				3E2410F2287B6257007A9ACD /* WeeklySessionsViewModel.swift in Sources */,
				3E2410EC287A926C007A9ACD /* JENavigationBar.swift in Sources */,
				3E3FD66328767E1C0012DB58 /* LoginViewModel.swift in Sources */,
				3EFBE106287503E1004538D6 /* FontExtension.swift in Sources */,
				3E1856D8287FD86C005ED50B /* BikeSelectionLocalizables.swift in Sources */,
				3EDDAB6A28766633003F175B /* BookLocalizables.swift in Sources */,
				3E037D922881324500FB30D5 /* AuthenticationManager.swift in Sources */,
				3E1856E0287FEA56005ED50B /* HIdeViewsExtension.swift in Sources */,
				3ECD73122864DF0600BF9FE2 /* UIColorExtension.swift in Sources */,
				3EEBB7CD287D3093005C1A9B /* BikeGridViewModel.swift in Sources */,
				3E2410F0287B4CCC007A9ACD /* Session.swift in Sources */,
				3E1856D6287FD67B005ED50B /* WeeklySessionsLocalizables.swift in Sources */,
				3EFBE10B28750C1A004538D6 /* Studio.swift in Sources */,
				3ECD73142865109200BF9FE2 /* ViewRouter.swift in Sources */,
				3EFBE10828750983004538D6 /* BookView.swift in Sources */,
			);
			runOnlyForDeploymentPostprocessing = 0;
		};
/* End PBXSourcesBuildPhase section */

/* Begin PBXVariantGroup section */
		3ECD731D28652B1000BF9FE2 /* Localizable.strings */ = {
			isa = PBXVariantGroup;
			children = (
				3ECD731C28652B1000BF9FE2 /* en */,
				3ECD731E28652B2B00BF9FE2 /* es-419 */,
			);
			name = Localizable.strings;
			sourceTree = "<group>";
		};
/* End PBXVariantGroup section */

/* Begin XCBuildConfiguration section */
		3EE27CFC284167B700BFC691 /* Debug */ = {
			isa = XCBuildConfiguration;
			buildSettings = {
				ALWAYS_SEARCH_USER_PATHS = NO;
				CLANG_ANALYZER_LOCALIZABILITY_NONLOCALIZED = YES;
				CLANG_ANALYZER_NONNULL = YES;
				CLANG_ANALYZER_NUMBER_OBJECT_CONVERSION = YES_AGGRESSIVE;
				CLANG_CXX_LANGUAGE_STANDARD = "gnu++17";
				CLANG_ENABLE_MODULES = YES;
				CLANG_ENABLE_OBJC_ARC = YES;
				CLANG_ENABLE_OBJC_WEAK = YES;
				CLANG_WARN_BLOCK_CAPTURE_AUTORELEASING = YES;
				CLANG_WARN_BOOL_CONVERSION = YES;
				CLANG_WARN_COMMA = YES;
				CLANG_WARN_CONSTANT_CONVERSION = YES;
				CLANG_WARN_DEPRECATED_OBJC_IMPLEMENTATIONS = YES;
				CLANG_WARN_DIRECT_OBJC_ISA_USAGE = YES_ERROR;
				CLANG_WARN_DOCUMENTATION_COMMENTS = YES;
				CLANG_WARN_EMPTY_BODY = YES;
				CLANG_WARN_ENUM_CONVERSION = YES;
				CLANG_WARN_INFINITE_RECURSION = YES;
				CLANG_WARN_INT_CONVERSION = YES;
				CLANG_WARN_NON_LITERAL_NULL_CONVERSION = YES;
				CLANG_WARN_OBJC_IMPLICIT_RETAIN_SELF = YES;
				CLANG_WARN_OBJC_LITERAL_CONVERSION = YES;
				CLANG_WARN_OBJC_ROOT_CLASS = YES_ERROR;
				CLANG_WARN_QUOTED_INCLUDE_IN_FRAMEWORK_HEADER = YES;
				CLANG_WARN_RANGE_LOOP_ANALYSIS = YES;
				CLANG_WARN_STRICT_PROTOTYPES = YES;
				CLANG_WARN_SUSPICIOUS_MOVE = YES;
				CLANG_WARN_UNGUARDED_AVAILABILITY = YES_AGGRESSIVE;
				CLANG_WARN_UNREACHABLE_CODE = YES;
				CLANG_WARN__DUPLICATE_METHOD_MATCH = YES;
				COPY_PHASE_STRIP = NO;
				DEBUG_INFORMATION_FORMAT = dwarf;
				ENABLE_STRICT_OBJC_MSGSEND = YES;
				ENABLE_TESTABILITY = YES;
				GCC_C_LANGUAGE_STANDARD = gnu11;
				GCC_DYNAMIC_NO_PIC = NO;
				GCC_NO_COMMON_BLOCKS = YES;
				GCC_OPTIMIZATION_LEVEL = 0;
				GCC_PREPROCESSOR_DEFINITIONS = (
					"DEBUG=1",
					"$(inherited)",
				);
				GCC_WARN_64_TO_32_BIT_CONVERSION = YES;
				GCC_WARN_ABOUT_RETURN_TYPE = YES_ERROR;
				GCC_WARN_UNDECLARED_SELECTOR = YES;
				GCC_WARN_UNINITIALIZED_AUTOS = YES_AGGRESSIVE;
				GCC_WARN_UNUSED_FUNCTION = YES;
				GCC_WARN_UNUSED_VARIABLE = YES;
				IPHONEOS_DEPLOYMENT_TARGET = 15.5;
				MTL_ENABLE_DEBUG_INFO = INCLUDE_SOURCE;
				MTL_FAST_MATH = YES;
				ONLY_ACTIVE_ARCH = YES;
				SDKROOT = iphoneos;
				SWIFT_ACTIVE_COMPILATION_CONDITIONS = DEBUG;
				SWIFT_OPTIMIZATION_LEVEL = "-Onone";
			};
			name = Debug;
		};
		3EE27CFD284167B700BFC691 /* Release */ = {
			isa = XCBuildConfiguration;
			buildSettings = {
				ALWAYS_SEARCH_USER_PATHS = NO;
				CLANG_ANALYZER_LOCALIZABILITY_NONLOCALIZED = YES;
				CLANG_ANALYZER_NONNULL = YES;
				CLANG_ANALYZER_NUMBER_OBJECT_CONVERSION = YES_AGGRESSIVE;
				CLANG_CXX_LANGUAGE_STANDARD = "gnu++17";
				CLANG_ENABLE_MODULES = YES;
				CLANG_ENABLE_OBJC_ARC = YES;
				CLANG_ENABLE_OBJC_WEAK = YES;
				CLANG_WARN_BLOCK_CAPTURE_AUTORELEASING = YES;
				CLANG_WARN_BOOL_CONVERSION = YES;
				CLANG_WARN_COMMA = YES;
				CLANG_WARN_CONSTANT_CONVERSION = YES;
				CLANG_WARN_DEPRECATED_OBJC_IMPLEMENTATIONS = YES;
				CLANG_WARN_DIRECT_OBJC_ISA_USAGE = YES_ERROR;
				CLANG_WARN_DOCUMENTATION_COMMENTS = YES;
				CLANG_WARN_EMPTY_BODY = YES;
				CLANG_WARN_ENUM_CONVERSION = YES;
				CLANG_WARN_INFINITE_RECURSION = YES;
				CLANG_WARN_INT_CONVERSION = YES;
				CLANG_WARN_NON_LITERAL_NULL_CONVERSION = YES;
				CLANG_WARN_OBJC_IMPLICIT_RETAIN_SELF = YES;
				CLANG_WARN_OBJC_LITERAL_CONVERSION = YES;
				CLANG_WARN_OBJC_ROOT_CLASS = YES_ERROR;
				CLANG_WARN_QUOTED_INCLUDE_IN_FRAMEWORK_HEADER = YES;
				CLANG_WARN_RANGE_LOOP_ANALYSIS = YES;
				CLANG_WARN_STRICT_PROTOTYPES = YES;
				CLANG_WARN_SUSPICIOUS_MOVE = YES;
				CLANG_WARN_UNGUARDED_AVAILABILITY = YES_AGGRESSIVE;
				CLANG_WARN_UNREACHABLE_CODE = YES;
				CLANG_WARN__DUPLICATE_METHOD_MATCH = YES;
				COPY_PHASE_STRIP = NO;
				DEBUG_INFORMATION_FORMAT = "dwarf-with-dsym";
				ENABLE_NS_ASSERTIONS = NO;
				ENABLE_STRICT_OBJC_MSGSEND = YES;
				GCC_C_LANGUAGE_STANDARD = gnu11;
				GCC_NO_COMMON_BLOCKS = YES;
				GCC_WARN_64_TO_32_BIT_CONVERSION = YES;
				GCC_WARN_ABOUT_RETURN_TYPE = YES_ERROR;
				GCC_WARN_UNDECLARED_SELECTOR = YES;
				GCC_WARN_UNINITIALIZED_AUTOS = YES_AGGRESSIVE;
				GCC_WARN_UNUSED_FUNCTION = YES;
				GCC_WARN_UNUSED_VARIABLE = YES;
				IPHONEOS_DEPLOYMENT_TARGET = 15.5;
				MTL_ENABLE_DEBUG_INFO = NO;
				MTL_FAST_MATH = YES;
				SDKROOT = iphoneos;
				SWIFT_COMPILATION_MODE = wholemodule;
				SWIFT_OPTIMIZATION_LEVEL = "-O";
				VALIDATE_PRODUCT = YES;
			};
			name = Release;
		};
		3EE27CFF284167B700BFC691 /* Debug */ = {
			isa = XCBuildConfiguration;
			buildSettings = {
				ASSETCATALOG_COMPILER_APPICON_NAME = AppIcon;
				ASSETCATALOG_COMPILER_GLOBAL_ACCENT_COLOR_NAME = AccentColor;
				CODE_SIGN_STYLE = Automatic;
				CURRENT_PROJECT_VERSION = 1;
				DEVELOPMENT_ASSET_PATHS = "\"JE Studio/Preview Content\"";
				DEVELOPMENT_TEAM = 7MZU8S6M42;
				ENABLE_PREVIEWS = YES;
				GENERATE_INFOPLIST_FILE = YES;
				INFOPLIST_FILE = "JE-Studio-Info.plist";
				INFOPLIST_KEY_UIApplicationSceneManifest_Generation = YES;
				INFOPLIST_KEY_UIApplicationSupportsIndirectInputEvents = YES;
				INFOPLIST_KEY_UILaunchScreen_Generation = YES;
				INFOPLIST_KEY_UISupportedInterfaceOrientations = UIInterfaceOrientationPortrait;
				INFOPLIST_KEY_UISupportedInterfaceOrientations_iPad = "UIInterfaceOrientationPortrait UIInterfaceOrientationPortraitUpsideDown UIInterfaceOrientationLandscapeLeft UIInterfaceOrientationLandscapeRight";
				INFOPLIST_KEY_UISupportedInterfaceOrientations_iPhone = "UIInterfaceOrientationPortrait UIInterfaceOrientationLandscapeLeft UIInterfaceOrientationLandscapeRight";
				LD_RUNPATH_SEARCH_PATHS = (
					"$(inherited)",
					"@executable_path/Frameworks",
				);
				MARKETING_VERSION = 1.0;
				PRODUCT_BUNDLE_IDENTIFIER = "com.daml.JE-Studio";
				PRODUCT_NAME = "$(TARGET_NAME)";
				SWIFT_EMIT_LOC_STRINGS = YES;
				SWIFT_VERSION = 5.0;
				TARGETED_DEVICE_FAMILY = 1;
			};
			name = Debug;
		};
		3EE27D00284167B700BFC691 /* Release */ = {
			isa = XCBuildConfiguration;
			buildSettings = {
				ASSETCATALOG_COMPILER_APPICON_NAME = AppIcon;
				ASSETCATALOG_COMPILER_GLOBAL_ACCENT_COLOR_NAME = AccentColor;
				CODE_SIGN_STYLE = Automatic;
				CURRENT_PROJECT_VERSION = 1;
				DEVELOPMENT_ASSET_PATHS = "\"JE Studio/Preview Content\"";
				DEVELOPMENT_TEAM = 7MZU8S6M42;
				ENABLE_PREVIEWS = YES;
				GENERATE_INFOPLIST_FILE = YES;
				INFOPLIST_FILE = "JE-Studio-Info.plist";
				INFOPLIST_KEY_UIApplicationSceneManifest_Generation = YES;
				INFOPLIST_KEY_UIApplicationSupportsIndirectInputEvents = YES;
				INFOPLIST_KEY_UILaunchScreen_Generation = YES;
				INFOPLIST_KEY_UISupportedInterfaceOrientations = UIInterfaceOrientationPortrait;
				INFOPLIST_KEY_UISupportedInterfaceOrientations_iPad = "UIInterfaceOrientationPortrait UIInterfaceOrientationPortraitUpsideDown UIInterfaceOrientationLandscapeLeft UIInterfaceOrientationLandscapeRight";
				INFOPLIST_KEY_UISupportedInterfaceOrientations_iPhone = "UIInterfaceOrientationPortrait UIInterfaceOrientationLandscapeLeft UIInterfaceOrientationLandscapeRight";
				LD_RUNPATH_SEARCH_PATHS = (
					"$(inherited)",
					"@executable_path/Frameworks",
				);
				MARKETING_VERSION = 1.0;
				PRODUCT_BUNDLE_IDENTIFIER = "com.daml.JE-Studio";
				PRODUCT_NAME = "$(TARGET_NAME)";
				SWIFT_EMIT_LOC_STRINGS = YES;
				SWIFT_VERSION = 5.0;
				TARGETED_DEVICE_FAMILY = 1;
			};
			name = Release;
		};
/* End XCBuildConfiguration section */

/* Begin XCConfigurationList section */
		3EE27CEB284167B700BFC691 /* Build configuration list for PBXProject "JE Studio" */ = {
			isa = XCConfigurationList;
			buildConfigurations = (
				3EE27CFC284167B700BFC691 /* Debug */,
				3EE27CFD284167B700BFC691 /* Release */,
			);
			defaultConfigurationIsVisible = 0;
			defaultConfigurationName = Release;
		};
		3EE27CFE284167B700BFC691 /* Build configuration list for PBXNativeTarget "JE Studio" */ = {
			isa = XCConfigurationList;
			buildConfigurations = (
				3EE27CFF284167B700BFC691 /* Debug */,
				3EE27D00284167B700BFC691 /* Release */,
			);
			defaultConfigurationIsVisible = 0;
			defaultConfigurationName = Release;
		};
/* End XCConfigurationList section */

/* Begin XCRemoteSwiftPackageReference section */
		3E3FD6482876729F0012DB58 /* XCRemoteSwiftPackageReference "firebase-ios-sdk" */ = {
			isa = XCRemoteSwiftPackageReference;
			repositoryURL = "https://github.com/firebase/firebase-ios-sdk.git";
			requirement = {
				kind = upToNextMajorVersion;
				minimumVersion = 9.2.0;
			};
		};
/* End XCRemoteSwiftPackageReference section */

/* Begin XCSwiftPackageProductDependency section */
		3E3FD6492876729F0012DB58 /* FirebaseAuth */ = {
			isa = XCSwiftPackageProductDependency;
			package = 3E3FD6482876729F0012DB58 /* XCRemoteSwiftPackageReference "firebase-ios-sdk" */;
			productName = FirebaseAuth;
		};
		3E3FD64B2876729F0012DB58 /* FirebaseAuthCombine-Community */ = {
			isa = XCSwiftPackageProductDependency;
			package = 3E3FD6482876729F0012DB58 /* XCRemoteSwiftPackageReference "firebase-ios-sdk" */;
			productName = "FirebaseAuthCombine-Community";
		};
		3E3FD64D2876729F0012DB58 /* FirebaseDatabase */ = {
			isa = XCSwiftPackageProductDependency;
			package = 3E3FD6482876729F0012DB58 /* XCRemoteSwiftPackageReference "firebase-ios-sdk" */;
			productName = FirebaseDatabase;
		};
		3E3FD64F2876729F0012DB58 /* FirebaseDatabaseSwift */ = {
			isa = XCSwiftPackageProductDependency;
			package = 3E3FD6482876729F0012DB58 /* XCRemoteSwiftPackageReference "firebase-ios-sdk" */;
			productName = FirebaseDatabaseSwift;
		};
		3E3FD6512876729F0012DB58 /* FirebaseFirestore */ = {
			isa = XCSwiftPackageProductDependency;
			package = 3E3FD6482876729F0012DB58 /* XCRemoteSwiftPackageReference "firebase-ios-sdk" */;
			productName = FirebaseFirestore;
		};
		3E3FD6532876729F0012DB58 /* FirebaseFirestoreCombine-Community */ = {
			isa = XCSwiftPackageProductDependency;
			package = 3E3FD6482876729F0012DB58 /* XCRemoteSwiftPackageReference "firebase-ios-sdk" */;
			productName = "FirebaseFirestoreCombine-Community";
		};
		3E3FD6552876729F0012DB58 /* FirebaseFirestoreSwift */ = {
			isa = XCSwiftPackageProductDependency;
			package = 3E3FD6482876729F0012DB58 /* XCRemoteSwiftPackageReference "firebase-ios-sdk" */;
			productName = FirebaseFirestoreSwift;
		};
		3E3FD6572876729F0012DB58 /* FirebaseStorage */ = {
			isa = XCSwiftPackageProductDependency;
			package = 3E3FD6482876729F0012DB58 /* XCRemoteSwiftPackageReference "firebase-ios-sdk" */;
			productName = FirebaseStorage;
		};
		3E3FD6592876729F0012DB58 /* FirebaseStorageCombine-Community */ = {
			isa = XCSwiftPackageProductDependency;
			package = 3E3FD6482876729F0012DB58 /* XCRemoteSwiftPackageReference "firebase-ios-sdk" */;
			productName = "FirebaseStorageCombine-Community";
		};
/* End XCSwiftPackageProductDependency section */
	};
	rootObject = 3EE27CE8284167B700BFC691 /* Project object */;
}
